
Microsoft Visual Studio Solution File, Format Version 12.00
# Visual Studio 15
VisualStudioVersion = 15.0.27130.2026
MinimumVisualStudioVersion = 10.0.40219.1
Project("{FAE04EC0-301F-11D3-BF4B-00C04F79EFBC}") = "Hemo", "Hemo\Hemo.csproj", "{A3E40295-35AA-402D-8CE9-89C1C0A30371}"
EndProject
Project("{FAE04EC0-301F-11D3-BF4B-00C04F79EFBC}") = "Hemo.Models", "Hemo.Models\Hemo.Models.csproj", "{44112347-9A40-4BEC-8861-C2C016194826}"
EndProject
Project("{FAE04EC0-301F-11D3-BF4B-00C04F79EFBC}") = "Hemo.Data", "Hemo.Data\Hemo.Data.csproj", "{E172EA50-2A98-4C45-AF47-CDE264EF3775}"
EndProject
Global
	GlobalSection(SolutionConfigurationPlatforms) = preSolution
		Debug|Any CPU = Debug|Any CPU
		Release|Any CPU = Release|Any CPU
	EndGlobalSection
	GlobalSection(ProjectConfigurationPlatforms) = postSolution
		{A3E40295-35AA-402D-8CE9-89C1C0A30371}.Debug|Any CPU.ActiveCfg = Debug|Any CPU
		{A3E40295-35AA-402D-8CE9-89C1C0A30371}.Debug|Any CPU.Build.0 = Debug|Any CPU
		{A3E40295-35AA-402D-8CE9-89C1C0A30371}.Release|Any CPU.ActiveCfg = Release|Any CPU
		{A3E40295-35AA-402D-8CE9-89C1C0A30371}.Release|Any CPU.Build.0 = Release|Any CPU
		{44112347-9A40-4BEC-8861-C2C016194826}.Debug|Any CPU.ActiveCfg = Debug|Any CPU
		{44112347-9A40-4BEC-8861-C2C016194826}.Debug|Any CPU.Build.0 = Debug|Any CPU
		{44112347-9A40-4BEC-8861-C2C016194826}.Release|Any CPU.ActiveCfg = Release|Any CPU
		{44112347-9A40-4BEC-8861-C2C016194826}.Release|Any CPU.Build.0 = Release|Any CPU
		{E172EA50-2A98-4C45-AF47-CDE264EF3775}.Debug|Any CPU.ActiveCfg = Debug|Any CPU
		{E172EA50-2A98-4C45-AF47-CDE264EF3775}.Debug|Any CPU.Build.0 = Debug|Any CPU
		{E172EA50-2A98-4C45-AF47-CDE264EF3775}.Release|Any CPU.ActiveCfg = Release|Any CPU
		{E172EA50-2A98-4C45-AF47-CDE264EF3775}.Release|Any CPU.Build.0 = Release|Any CPU
	EndGlobalSection
	GlobalSection(SolutionProperties) = preSolution
		HideSolutionNode = FALSE
	EndGlobalSection
	GlobalSection(ExtensibilityGlobals) = postSolution
		SolutionGuid = {1F6222EF-AC3E-4C3E-8C2B-EE050E84532B}
	EndGlobalSection
EndGlobal
